<Solution>
  <Folder Name="/src/">
    <Project Path="src/FCG.PaymentsAPI.API/FCG.PaymentsAPI.API.csproj" />
    <Project Path="src/FCG.PaymentsAPI.Application/FCG.PaymentsAPI.Application.csproj" />
    <Project Path="src/FCG.PaymentsAPI.Domain/FCG.PaymentsAPI.Domain.csproj" />
    <Project Path="src/FCG.PaymentsAPI.Infrastructure/FCG.PaymentsAPI.Infrastructure.csproj" />
  </Folder>
</Solution>
